
Microsoft Visual Studio Solution File, Format Version 12.00
Project("{FAE04EC0-301F-11D3-BF4B-00C04F79EFBC}") = "C64", "C64\C64.csproj", "{AC21E4A4-3383-40DD-982B-FD2305F0304E}"
EndProject
Project("{FAE04EC0-301F-11D3-BF4B-00C04F79EFBC}") = "C64.Tests", "C64.Tests\C64.Tests.csproj", "{6D1EBA85-1989-4E1C-93FA-974E298752CE}"
EndProject
Global
	GlobalSection(SolutionConfigurationPlatforms) = preSolution
		Debug|Any CPU = Debug|Any CPU
		Release|Any CPU = Release|Any CPU
	EndGlobalSection
	GlobalSection(ProjectConfigurationPlatforms) = postSolution
		{AC21E4A4-3383-40DD-982B-FD2305F0304E}.Debug|Any CPU.ActiveCfg = Debug|Any CPU
		{AC21E4A4-3383-40DD-982B-FD2305F0304E}.Debug|Any CPU.Build.0 = Debug|Any CPU
		{AC21E4A4-3383-40DD-982B-FD2305F0304E}.Release|Any CPU.ActiveCfg = Release|Any CPU
		{AC21E4A4-3383-40DD-982B-FD2305F0304E}.Release|Any CPU.Build.0 = Release|Any CPU
		{6D1EBA85-1989-4E1C-93FA-974E298752CE}.Debug|Any CPU.ActiveCfg = Debug|Any CPU
		{6D1EBA85-1989-4E1C-93FA-974E298752CE}.Debug|Any CPU.Build.0 = Debug|Any CPU
		{6D1EBA85-1989-4E1C-93FA-974E298752CE}.Release|Any CPU.ActiveCfg = Release|Any CPU
		{6D1EBA85-1989-4E1C-93FA-974E298752CE}.Release|Any CPU.Build.0 = Release|Any CPU
	EndGlobalSection
EndGlobal
